// !$*UTF8*$!
{
	archiveVersion = 1;
	classes = {
	};
	objectVersion = 56;
	objects = {

/* Begin PBXBuildFile section */
		42503B8E2DB9D63D00D743E6 /* MainViewControllerView.swift in Sources */ = {isa = PBXBuildFile; fileRef = 42503B8D2DB9D63D00D743E6 /* MainViewControllerView.swift */; };
		42503B8F2DB9D64F00D743E6 /* EnroTestApplicationApp.swift in Sources */ = {isa = PBXBuildFile; fileRef = 425EE4592DB9C7D40009282E /* EnroTestApplicationApp.swift */; };
		42503B902DB9D64F00D743E6 /* ContentView.swift in Sources */ = {isa = PBXBuildFile; fileRef = 425EE45B2DB9C7D40009282E /* ContentView.swift */; };
		425EE45E2DB9C7D50009282E /* Assets.xcassets in Resources */ = {isa = PBXBuildFile; fileRef = 425EE45D2DB9C7D50009282E /* Assets.xcassets */; };
		425EE4612DB9C7D50009282E /* Preview Assets.xcassets in Resources */ = {isa = PBXBuildFile; fileRef = 425EE4602DB9C7D50009282E /* Preview Assets.xcassets */; };
		425EE46B2DB9C7D50009282E /* EnroTestApplicationTests.swift in Sources */ = {isa = PBXBuildFile; fileRef = 425EE46A2DB9C7D50009282E /* EnroTestApplicationTests.swift */; };
		425EE4752DB9C7D50009282E /* EnroTestApplicationUITests.swift in Sources */ = {isa = PBXBuildFile; fileRef = 425EE4742DB9C7D50009282E /* EnroTestApplicationUITests.swift */; };
		425EE4772DB9C7D50009282E /* EnroTestApplicationUITestsLaunchTests.swift in Sources */ = {isa = PBXBuildFile; fileRef = 425EE4762DB9C7D50009282E /* EnroTestApplicationUITestsLaunchTests.swift */; };
/* End PBXBuildFile section */

/* Begin PBXContainerItemProxy section */
		425EE4672DB9C7D50009282E /* PBXContainerItemProxy */ = {
			isa = PBXContainerItemProxy;
			containerPortal = 425EE44E2DB9C7D40009282E /* Project object */;
			proxyType = 1;
			remoteGlobalIDString = 425EE4552DB9C7D40009282E;
			remoteInfo = EnroTestApplication;
		};
		425EE4712DB9C7D50009282E /* PBXContainerItemProxy */ = {
			isa = PBXContainerItemProxy;
			containerPortal = 425EE44E2DB9C7D40009282E /* Project object */;
			proxyType = 1;
			remoteGlobalIDString = 425EE4552DB9C7D40009282E;
			remoteInfo = EnroTestApplication;
		};
/* End PBXContainerItemProxy section */

/* Begin PBXFileReference section */
		42503B8D2DB9D63D00D743E6 /* MainViewControllerView.swift */ = {isa = PBXFileReference; fileEncoding = 4; lastKnownFileType = sourcecode.swift; path = MainViewControllerView.swift; sourceTree = "<group>"; };
		42503B952DB9D93A00D743E6 /* Info.plist */ = {isa = PBXFileReference; lastKnownFileType = text.plist.xml; path = Info.plist; sourceTree = "<group>"; };
		425EE4562DB9C7D40009282E /* EnroTestApplication.app */ = {isa = PBXFileReference; explicitFileType = wrapper.application; includeInIndex = 0; path = EnroTestApplication.app; sourceTree = BUILT_PRODUCTS_DIR; };
		425EE4592DB9C7D40009282E /* EnroTestApplicationApp.swift */ = {isa = PBXFileReference; lastKnownFileType = sourcecode.swift; path = EnroTestApplicationApp.swift; sourceTree = "<group>"; };
		425EE45B2DB9C7D40009282E /* ContentView.swift */ = {isa = PBXFileReference; lastKnownFileType = sourcecode.swift; path = ContentView.swift; sourceTree = "<group>"; };
		425EE45D2DB9C7D50009282E /* Assets.xcassets */ = {isa = PBXFileReference; lastKnownFileType = folder.assetcatalog; path = Assets.xcassets; sourceTree = "<group>"; };
		425EE4602DB9C7D50009282E /* Preview Assets.xcassets */ = {isa = PBXFileReference; lastKnownFileType = folder.assetcatalog; path = "Preview Assets.xcassets"; sourceTree = "<group>"; };
		425EE4662DB9C7D50009282E /* EnroTestApplicationTests.xctest */ = {isa = PBXFileReference; explicitFileType = wrapper.cfbundle; includeInIndex = 0; path = EnroTestApplicationTests.xctest; sourceTree = BUILT_PRODUCTS_DIR; };
		425EE46A2DB9C7D50009282E /* EnroTestApplicationTests.swift */ = {isa = PBXFileReference; lastKnownFileType = sourcecode.swift; path = EnroTestApplicationTests.swift; sourceTree = "<group>"; };
		425EE4702DB9C7D50009282E /* EnroTestApplicationUITests.xctest */ = {isa = PBXFileReference; explicitFileType = wrapper.cfbundle; includeInIndex = 0; path = EnroTestApplicationUITests.xctest; sourceTree = BUILT_PRODUCTS_DIR; };
		425EE4742DB9C7D50009282E /* EnroTestApplicationUITests.swift */ = {isa = PBXFileReference; lastKnownFileType = sourcecode.swift; path = EnroTestApplicationUITests.swift; sourceTree = "<group>"; };
		425EE4762DB9C7D50009282E /* EnroTestApplicationUITestsLaunchTests.swift */ = {isa = PBXFileReference; lastKnownFileType = sourcecode.swift; path = EnroTestApplicationUITestsLaunchTests.swift; sourceTree = "<group>"; };
/* End PBXFileReference section */

/* Begin PBXFrameworksBuildPhase section */
		425EE4532DB9C7D40009282E /* Frameworks */ = {
			isa = PBXFrameworksBuildPhase;
			buildActionMask = 2147483647;
			files = (
			);
			runOnlyForDeploymentPostprocessing = 0;
		};
		425EE4632DB9C7D50009282E /* Frameworks */ = {
			isa = PBXFrameworksBuildPhase;
			buildActionMask = 2147483647;
			files = (
			);
			runOnlyForDeploymentPostprocessing = 0;
		};
		425EE46D2DB9C7D50009282E /* Frameworks */ = {
			isa = PBXFrameworksBuildPhase;
			buildActionMask = 2147483647;
			files = (
			);
			runOnlyForDeploymentPostprocessing = 0;
		};
/* End PBXFrameworksBuildPhase section */

/* Begin PBXGroup section */
		425EE44D2DB9C7D40009282E = {
			isa = PBXGroup;
			children = (
				425EE4582DB9C7D40009282E /* EnroTestApplication */,
				425EE4692DB9C7D50009282E /* EnroTestApplicationTests */,
				425EE4732DB9C7D50009282E /* EnroTestApplicationUITests */,
				425EE4572DB9C7D40009282E /* Products */,
			);
			sourceTree = "<group>";
		};
		425EE4572DB9C7D40009282E /* Products */ = {
			isa = PBXGroup;
			children = (
				425EE4562DB9C7D40009282E /* EnroTestApplication.app */,
				425EE4662DB9C7D50009282E /* EnroTestApplicationTests.xctest */,
				425EE4702DB9C7D50009282E /* EnroTestApplicationUITests.xctest */,
			);
			name = Products;
			sourceTree = "<group>";
		};
		425EE4582DB9C7D40009282E /* EnroTestApplication */ = {
			isa = PBXGroup;
			children = (
				42503B8D2DB9D63D00D743E6 /* MainViewControllerView.swift */,
				425EE4592DB9C7D40009282E /* EnroTestApplicationApp.swift */,
				425EE45B2DB9C7D40009282E /* ContentView.swift */,
				425EE45D2DB9C7D50009282E /* Assets.xcassets */,
				425EE45F2DB9C7D50009282E /* Preview Content */,
				42503B952DB9D93A00D743E6 /* Info.plist */,
			);
			path = EnroTestApplication;
			sourceTree = "<group>";
		};
		425EE45F2DB9C7D50009282E /* Preview Content */ = {
			isa = PBXGroup;
			children = (
				425EE4602DB9C7D50009282E /* Preview Assets.xcassets */,
			);
			path = "Preview Content";
			sourceTree = "<group>";
		};
		425EE4692DB9C7D50009282E /* EnroTestApplicationTests */ = {
			isa = PBXGroup;
			children = (
				425EE46A2DB9C7D50009282E /* EnroTestApplicationTests.swift */,
			);
			path = EnroTestApplicationTests;
			sourceTree = "<group>";
		};
		425EE4732DB9C7D50009282E /* EnroTestApplicationUITests */ = {
			isa = PBXGroup;
			children = (
				425EE4742DB9C7D50009282E /* EnroTestApplicationUITests.swift */,
				425EE4762DB9C7D50009282E /* EnroTestApplicationUITestsLaunchTests.swift */,
			);
			path = EnroTestApplicationUITests;
			sourceTree = "<group>";
		};
/* End PBXGroup section */

/* Begin PBXNativeTarget section */
		425EE4552DB9C7D40009282E /* EnroTestApplication */ = {
			isa = PBXNativeTarget;
			buildConfigurationList = 425EE47A2DB9C7D50009282E /* Build configuration list for PBXNativeTarget "EnroTestApplication" */;
			buildPhases = (
				425EE4832DB9C8790009282E /* embedAndSignAppleFrameworkForXcode */,
				425EE4522DB9C7D40009282E /* Sources */,
				425EE4532DB9C7D40009282E /* Frameworks */,
				425EE4542DB9C7D40009282E /* Resources */,
			);
			buildRules = (
			);
			dependencies = (
			);
			name = EnroTestApplication;
			productName = EnroTestApplication;
			productReference = 425EE4562DB9C7D40009282E /* EnroTestApplication.app */;
			productType = "com.apple.product-type.application";
		};
		425EE4652DB9C7D50009282E /* EnroTestApplicationTests */ = {
			isa = PBXNativeTarget;
			buildConfigurationList = 425EE47D2DB9C7D50009282E /* Build configuration list for PBXNativeTarget "EnroTestApplicationTests" */;
			buildPhases = (
				425EE4622DB9C7D50009282E /* Sources */,
				425EE4632DB9C7D50009282E /* Frameworks */,
				425EE4642DB9C7D50009282E /* Resources */,
			);
			buildRules = (
			);
			dependencies = (
				425EE4682DB9C7D50009282E /* PBXTargetDependency */,
			);
			name = EnroTestApplicationTests;
			productName = EnroTestApplicationTests;
			productReference = 425EE4662DB9C7D50009282E /* EnroTestApplicationTests.xctest */;
			productType = "com.apple.product-type.bundle.unit-test";
		};
		425EE46F2DB9C7D50009282E /* EnroTestApplicationUITests */ = {
			isa = PBXNativeTarget;
			buildConfigurationList = 425EE4802DB9C7D50009282E /* Build configuration list for PBXNativeTarget "EnroTestApplicationUITests" */;
			buildPhases = (
				425EE46C2DB9C7D50009282E /* Sources */,
				425EE46D2DB9C7D50009282E /* Frameworks */,
				425EE46E2DB9C7D50009282E /* Resources */,
			);
			buildRules = (
			);
			dependencies = (
				425EE4722DB9C7D50009282E /* PBXTargetDependency */,
			);
			name = EnroTestApplicationUITests;
			productName = EnroTestApplicationUITests;
			productReference = 425EE4702DB9C7D50009282E /* EnroTestApplicationUITests.xctest */;
			productType = "com.apple.product-type.bundle.ui-testing";
		};
/* End PBXNativeTarget section */

/* Begin PBXProject section */
		425EE44E2DB9C7D40009282E /* Project object */ = {
			isa = PBXProject;
			attributes = {
				BuildIndependentTargetsInParallel = 1;
				LastSwiftUpdateCheck = 1540;
				LastUpgradeCheck = 1540;
				TargetAttributes = {
					425EE4552DB9C7D40009282E = {
						CreatedOnToolsVersion = 15.4;
						LastSwiftMigration = 1540;
					};
					425EE4652DB9C7D50009282E = {
						CreatedOnToolsVersion = 15.4;
						TestTargetID = 425EE4552DB9C7D40009282E;
					};
					425EE46F2DB9C7D50009282E = {
						CreatedOnToolsVersion = 15.4;
						TestTargetID = 425EE4552DB9C7D40009282E;
					};
				};
			};
			buildConfigurationList = 425EE4512DB9C7D40009282E /* Build configuration list for PBXProject "EnroTestApplication" */;
			compatibilityVersion = "Xcode 14.0";
			developmentRegion = en;
			hasScannedForEncodings = 0;
			knownRegions = (
				en,
				Base,
			);
			mainGroup = 425EE44D2DB9C7D40009282E;
			productRefGroup = 425EE4572DB9C7D40009282E /* Products */;
			projectDirPath = "";
			projectRoot = "";
			targets = (
				425EE4552DB9C7D40009282E /* EnroTestApplication */,
				425EE4652DB9C7D50009282E /* EnroTestApplicationTests */,
				425EE46F2DB9C7D50009282E /* EnroTestApplicationUITests */,
			);
		};
/* End PBXProject section */

/* Begin PBXResourcesBuildPhase section */
		425EE4542DB9C7D40009282E /* Resources */ = {
			isa = PBXResourcesBuildPhase;
			buildActionMask = 2147483647;
			files = (
				425EE4612DB9C7D50009282E /* Preview Assets.xcassets in Resources */,
				425EE45E2DB9C7D50009282E /* Assets.xcassets in Resources */,
			);
			runOnlyForDeploymentPostprocessing = 0;
		};
		425EE4642DB9C7D50009282E /* Resources */ = {
			isa = PBXResourcesBuildPhase;
			buildActionMask = 2147483647;
			files = (
			);
			runOnlyForDeploymentPostprocessing = 0;
		};
		425EE46E2DB9C7D50009282E /* Resources */ = {
			isa = PBXResourcesBuildPhase;
			buildActionMask = 2147483647;
			files = (
			);
			runOnlyForDeploymentPostprocessing = 0;
		};
/* End PBXResourcesBuildPhase section */

/* Begin PBXShellScriptBuildPhase section */
		425EE4832DB9C8790009282E /* embedAndSignAppleFrameworkForXcode */ = {
			isa = PBXShellScriptBuildPhase;
			buildActionMask = 2147483647;
			files = (
			);
			inputFileListPaths = (
			);
			inputPaths = (
			);
			name = embedAndSignAppleFrameworkForXcode;
			outputFileListPaths = (
			);
			outputPaths = (
			);
			runOnlyForDeploymentPostprocessing = 0;
			shellPath = /bin/sh;
			shellScript = "cd \"../../../../../../\"\n./gradlew :tests:application:embedAndSignAppleFrameworkForXcode\n";
		};
/* End PBXShellScriptBuildPhase section */

/* Begin PBXSourcesBuildPhase section */
		425EE4522DB9C7D40009282E /* Sources */ = {
			isa = PBXSourcesBuildPhase;
			buildActionMask = 2147483647;
			files = (
				42503B8F2DB9D64F00D743E6 /* EnroTestApplicationApp.swift in Sources */,
				42503B902DB9D64F00D743E6 /* ContentView.swift in Sources */,
				42503B8E2DB9D63D00D743E6 /* MainViewControllerView.swift in Sources */,
			);
			runOnlyForDeploymentPostprocessing = 0;
		};
		425EE4622DB9C7D50009282E /* Sources */ = {
			isa = PBXSourcesBuildPhase;
			buildActionMask = 2147483647;
			files = (
				425EE46B2DB9C7D50009282E /* EnroTestApplicationTests.swift in Sources */,
			);
			runOnlyForDeploymentPostprocessing = 0;
		};
		425EE46C2DB9C7D50009282E /* Sources */ = {
			isa = PBXSourcesBuildPhase;
			buildActionMask = 2147483647;
			files = (
				425EE4752DB9C7D50009282E /* EnroTestApplicationUITests.swift in Sources */,
				425EE4772DB9C7D50009282E /* EnroTestApplicationUITestsLaunchTests.swift in Sources */,
			);
			runOnlyForDeploymentPostprocessing = 0;
		};
/* End PBXSourcesBuildPhase section */

/* Begin PBXTargetDependency section */
		425EE4682DB9C7D50009282E /* PBXTargetDependency */ = {
			isa = PBXTargetDependency;
			target = 425EE4552DB9C7D40009282E /* EnroTestApplication */;
			targetProxy = 425EE4672DB9C7D50009282E /* PBXContainerItemProxy */;
		};
		425EE4722DB9C7D50009282E /* PBXTargetDependency */ = {
			isa = PBXTargetDependency;
			target = 425EE4552DB9C7D40009282E /* EnroTestApplication */;
			targetProxy = 425EE4712DB9C7D50009282E /* PBXContainerItemProxy */;
		};
/* End PBXTargetDependency section */

/* Begin XCBuildConfiguration section */
		425EE4782DB9C7D50009282E /* Debug */ = {
			isa = XCBuildConfiguration;
			buildSettings = {
				ALWAYS_SEARCH_USER_PATHS = NO;
				ASSETCATALOG_COMPILER_GENERATE_SWIFT_ASSET_SYMBOL_EXTENSIONS = YES;
				CLANG_ANALYZER_NONNULL = YES;
				CLANG_ANALYZER_NUMBER_OBJECT_CONVERSION = YES_AGGRESSIVE;
				CLANG_CXX_LANGUAGE_STANDARD = "gnu++20";
				CLANG_ENABLE_MODULES = YES;
				CLANG_ENABLE_OBJC_ARC = YES;
				CLANG_ENABLE_OBJC_WEAK = YES;
				CLANG_WARN_BLOCK_CAPTURE_AUTORELEASING = YES;
				CLANG_WARN_BOOL_CONVERSION = YES;
				CLANG_WARN_COMMA = YES;
				CLANG_WARN_CONSTANT_CONVERSION = YES;
				CLANG_WARN_DEPRECATED_OBJC_IMPLEMENTATIONS = YES;
				CLANG_WARN_DIRECT_OBJC_ISA_USAGE = YES_ERROR;
				CLANG_WARN_DOCUMENTATION_COMMENTS = YES;
				CLANG_WARN_EMPTY_BODY = YES;
				CLANG_WARN_ENUM_CONVERSION = YES;
				CLANG_WARN_INFINITE_RECURSION = YES;
				CLANG_WARN_INT_CONVERSION = YES;
				CLANG_WARN_NON_LITERAL_NULL_CONVERSION = YES;
				CLANG_WARN_OBJC_IMPLICIT_RETAIN_SELF = YES;
				CLANG_WARN_OBJC_LITERAL_CONVERSION = YES;
				CLANG_WARN_OBJC_ROOT_CLASS = YES_ERROR;
				CLANG_WARN_QUOTED_INCLUDE_IN_FRAMEWORK_HEADER = YES;
				CLANG_WARN_RANGE_LOOP_ANALYSIS = YES;
				CLANG_WARN_STRICT_PROTOTYPES = YES;
				CLANG_WARN_SUSPICIOUS_MOVE = YES;
				CLANG_WARN_UNGUARDED_AVAILABILITY = YES_AGGRESSIVE;
				CLANG_WARN_UNREACHABLE_CODE = YES;
				CLANG_WARN__DUPLICATE_METHOD_MATCH = YES;
				COPY_PHASE_STRIP = NO;
				DEBUG_INFORMATION_FORMAT = dwarf;
				ENABLE_STRICT_OBJC_MSGSEND = YES;
				ENABLE_TESTABILITY = YES;
				ENABLE_USER_SCRIPT_SANDBOXING = YES;
				GCC_C_LANGUAGE_STANDARD = gnu17;
				GCC_DYNAMIC_NO_PIC = NO;
				GCC_NO_COMMON_BLOCKS = YES;
				GCC_OPTIMIZATION_LEVEL = 0;
				GCC_PREPROCESSOR_DEFINITIONS = (
					"DEBUG=1",
					"$(inherited)",
				);
				GCC_WARN_64_TO_32_BIT_CONVERSION = YES;
				GCC_WARN_ABOUT_RETURN_TYPE = YES_ERROR;
				GCC_WARN_UNDECLARED_SELECTOR = YES;
				GCC_WARN_UNINITIALIZED_AUTOS = YES_AGGRESSIVE;
				GCC_WARN_UNUSED_FUNCTION = YES;
				GCC_WARN_UNUSED_VARIABLE = YES;
				IPHONEOS_DEPLOYMENT_TARGET = 17.5;
				LOCALIZATION_PREFERS_STRING_CATALOGS = YES;
				MTL_ENABLE_DEBUG_INFO = INCLUDE_SOURCE;
				MTL_FAST_MATH = YES;
				ONLY_ACTIVE_ARCH = YES;
				SDKROOT = iphoneos;
				SWIFT_ACTIVE_COMPILATION_CONDITIONS = "DEBUG $(inherited)";
				SWIFT_OPTIMIZATION_LEVEL = "-Onone";
			};
			name = Debug;
		};
		425EE4792DB9C7D50009282E /* Release */ = {
			isa = XCBuildConfiguration;
			buildSettings = {
				ALWAYS_SEARCH_USER_PATHS = NO;
				ASSETCATALOG_COMPILER_GENERATE_SWIFT_ASSET_SYMBOL_EXTENSIONS = YES;
				CLANG_ANALYZER_NONNULL = YES;
				CLANG_ANALYZER_NUMBER_OBJECT_CONVERSION = YES_AGGRESSIVE;
				CLANG_CXX_LANGUAGE_STANDARD = "gnu++20";
				CLANG_ENABLE_MODULES = YES;
				CLANG_ENABLE_OBJC_ARC = YES;
				CLANG_ENABLE_OBJC_WEAK = YES;
				CLANG_WARN_BLOCK_CAPTURE_AUTORELEASING = YES;
				CLANG_WARN_BOOL_CONVERSION = YES;
				CLANG_WARN_COMMA = YES;
				CLANG_WARN_CONSTANT_CONVERSION = YES;
				CLANG_WARN_DEPRECATED_OBJC_IMPLEMENTATIONS = YES;
				CLANG_WARN_DIRECT_OBJC_ISA_USAGE = YES_ERROR;
				CLANG_WARN_DOCUMENTATION_COMMENTS = YES;
				CLANG_WARN_EMPTY_BODY = YES;
				CLANG_WARN_ENUM_CONVERSION = YES;
				CLANG_WARN_INFINITE_RECURSION = YES;
				CLANG_WARN_INT_CONVERSION = YES;
				CLANG_WARN_NON_LITERAL_NULL_CONVERSION = YES;
				CLANG_WARN_OBJC_IMPLICIT_RETAIN_SELF = YES;
				CLANG_WARN_OBJC_LITERAL_CONVERSION = YES;
				CLANG_WARN_OBJC_ROOT_CLASS = YES_ERROR;
				CLANG_WARN_QUOTED_INCLUDE_IN_FRAMEWORK_HEADER = YES;
				CLANG_WARN_RANGE_LOOP_ANALYSIS = YES;
				CLANG_WARN_STRICT_PROTOTYPES = YES;
				CLANG_WARN_SUSPICIOUS_MOVE = YES;
				CLANG_WARN_UNGUARDED_AVAILABILITY = YES_AGGRESSIVE;
				CLANG_WARN_UNREACHABLE_CODE = YES;
				CLANG_WARN__DUPLICATE_METHOD_MATCH = YES;
				COPY_PHASE_STRIP = NO;
				DEBUG_INFORMATION_FORMAT = "dwarf-with-dsym";
				ENABLE_NS_ASSERTIONS = NO;
				ENABLE_STRICT_OBJC_MSGSEND = YES;
				ENABLE_USER_SCRIPT_SANDBOXING = YES;
				GCC_C_LANGUAGE_STANDARD = gnu17;
				GCC_NO_COMMON_BLOCKS = YES;
				GCC_WARN_64_TO_32_BIT_CONVERSION = YES;
				GCC_WARN_ABOUT_RETURN_TYPE = YES_ERROR;
				GCC_WARN_UNDECLARED_SELECTOR = YES;
				GCC_WARN_UNINITIALIZED_AUTOS = YES_AGGRESSIVE;
				GCC_WARN_UNUSED_FUNCTION = YES;
				GCC_WARN_UNUSED_VARIABLE = YES;
				IPHONEOS_DEPLOYMENT_TARGET = 17.5;
				LOCALIZATION_PREFERS_STRING_CATALOGS = YES;
				MTL_ENABLE_DEBUG_INFO = NO;
				MTL_FAST_MATH = YES;
				SDKROOT = iphoneos;
				SWIFT_COMPILATION_MODE = wholemodule;
				VALIDATE_PRODUCT = YES;
			};
			name = Release;
		};
		425EE47B2DB9C7D50009282E /* Debug */ = {
			isa = XCBuildConfiguration;
			buildSettings = {
				ASSETCATALOG_COMPILER_APPICON_NAME = AppIcon;
				ASSETCATALOG_COMPILER_GLOBAL_ACCENT_COLOR_NAME = AccentColor;
				CLANG_ENABLE_MODULES = YES;
				CODE_SIGN_STYLE = Automatic;
				CURRENT_PROJECT_VERSION = 1;
				DEVELOPMENT_ASSET_PATHS = "\"EnroTestApplication/Preview Content\"";
				DEVELOPMENT_TEAM = 43275F8MNR;
				ENABLE_PREVIEWS = YES;
				ENABLE_USER_SCRIPT_SANDBOXING = NO;
				GENERATE_INFOPLIST_FILE = YES;
				INFOPLIST_FILE = "$(SRCROOT)/EnroTestApplication/Info.plist";
				INFOPLIST_KEY_UIApplicationSceneManifest_Generation = YES;
				INFOPLIST_KEY_UIApplicationSupportsIndirectInputEvents = YES;
				INFOPLIST_KEY_UILaunchScreen_Generation = YES;
				INFOPLIST_KEY_UISupportedInterfaceOrientations_iPad = "UIInterfaceOrientationPortrait UIInterfaceOrientationPortraitUpsideDown UIInterfaceOrientationLandscapeLeft UIInterfaceOrientationLandscapeRight";
				INFOPLIST_KEY_UISupportedInterfaceOrientations_iPhone = "UIInterfaceOrientationPortrait UIInterfaceOrientationLandscapeLeft UIInterfaceOrientationLandscapeRight";
				LD_RUNPATH_SEARCH_PATHS = (
					"$(inherited)",
					"@executable_path/Frameworks",
				);
				MARKETING_VERSION = 1.0;
				PRODUCT_BUNDLE_IDENTIFIER = dev.enro.EnroTestApplication;
				PRODUCT_NAME = "$(TARGET_NAME)";
				SWIFT_EMIT_LOC_STRINGS = YES;
				SWIFT_OPTIMIZATION_LEVEL = "-Onone";
				SWIFT_VERSION = 5.0;
				TARGETED_DEVICE_FAMILY = "1,2";
			};
			name = Debug;
		};
		425EE47C2DB9C7D50009282E /* Release */ = {
			isa = XCBuildConfiguration;
			buildSettings = {
				ASSETCATALOG_COMPILER_APPICON_NAME = AppIcon;
				ASSETCATALOG_COMPILER_GLOBAL_ACCENT_COLOR_NAME = AccentColor;
				CLANG_ENABLE_MODULES = YES;
				CODE_SIGN_STYLE = Automatic;
				CURRENT_PROJECT_VERSION = 1;
				DEVELOPMENT_ASSET_PATHS = "\"EnroTestApplication/Preview Content\"";
				DEVELOPMENT_TEAM = 43275F8MNR;
				ENABLE_PREVIEWS = YES;
				ENABLE_USER_SCRIPT_SANDBOXING = NO;
				GENERATE_INFOPLIST_FILE = YES;
				INFOPLIST_FILE = "$(SRCROOT)/EnroTestApplication/Info.plist";
				INFOPLIST_KEY_UIApplicationSceneManifest_Generation = YES;
				INFOPLIST_KEY_UIApplicationSupportsIndirectInputEvents = YES;
				INFOPLIST_KEY_UILaunchScreen_Generation = YES;
				INFOPLIST_KEY_UISupportedInterfaceOrientations_iPad = "UIInterfaceOrientationPortrait UIInterfaceOrientationPortraitUpsideDown UIInterfaceOrientationLandscapeLeft UIInterfaceOrientationLandscapeRight";
				INFOPLIST_KEY_UISupportedInterfaceOrientations_iPhone = "UIInterfaceOrientationPortrait UIInterfaceOrientationLandscapeLeft UIInterfaceOrientationLandscapeRight";
				LD_RUNPATH_SEARCH_PATHS = (
					"$(inherited)",
					"@executable_path/Frameworks",
				);
				MARKETING_VERSION = 1.0;
				PRODUCT_BUNDLE_IDENTIFIER = dev.enro.EnroTestApplication;
				PRODUCT_NAME = "$(TARGET_NAME)";
				SWIFT_EMIT_LOC_STRINGS = YES;
				SWIFT_VERSION = 5.0;
				TARGETED_DEVICE_FAMILY = "1,2";
			};
			name = Release;
		};
		425EE47E2DB9C7D50009282E /* Debug */ = {
			isa = XCBuildConfiguration;
			buildSettings = {
				ALWAYS_EMBED_SWIFT_STANDARD_LIBRARIES = YES;
				BUNDLE_LOADER = "$(TEST_HOST)";
				CODE_SIGN_STYLE = Automatic;
				CURRENT_PROJECT_VERSION = 1;
				DEVELOPMENT_TEAM = 43275F8MNR;
				GENERATE_INFOPLIST_FILE = YES;
				IPHONEOS_DEPLOYMENT_TARGET = 17.5;
				MARKETING_VERSION = 1.0;
				PRODUCT_BUNDLE_IDENTIFIER = dev.enro.EnroTestApplicationTests;
				PRODUCT_NAME = "$(TARGET_NAME)";
				SWIFT_EMIT_LOC_STRINGS = NO;
				SWIFT_VERSION = 5.0;
				TARGETED_DEVICE_FAMILY = "1,2";
				TEST_HOST = "$(BUILT_PRODUCTS_DIR)/EnroTestApplication.app/$(BUNDLE_EXECUTABLE_FOLDER_PATH)/EnroTestApplication";
			};
			name = Debug;
		};
		425EE47F2DB9C7D50009282E /* Release */ = {
			isa = XCBuildConfiguration;
			buildSettings = {
				ALWAYS_EMBED_SWIFT_STANDARD_LIBRARIES = YES;
				BUNDLE_LOADER = "$(TEST_HOST)";
				CODE_SIGN_STYLE = Automatic;
				CURRENT_PROJECT_VERSION = 1;
				DEVELOPMENT_TEAM = 43275F8MNR;
				GENERATE_INFOPLIST_FILE = YES;
				IPHONEOS_DEPLOYMENT_TARGET = 17.5;
				MARKETING_VERSION = 1.0;
				PRODUCT_BUNDLE_IDENTIFIER = dev.enro.EnroTestApplicationTests;
				PRODUCT_NAME = "$(TARGET_NAME)";
				SWIFT_EMIT_LOC_STRINGS = NO;
				SWIFT_VERSION = 5.0;
				TARGETED_DEVICE_FAMILY = "1,2";
				TEST_HOST = "$(BUILT_PRODUCTS_DIR)/EnroTestApplication.app/$(BUNDLE_EXECUTABLE_FOLDER_PATH)/EnroTestApplication";
			};
			name = Release;
		};
		425EE4812DB9C7D50009282E /* Debug */ = {
			isa = XCBuildConfiguration;
			buildSettings = {
				ALWAYS_EMBED_SWIFT_STANDARD_LIBRARIES = YES;
				CODE_SIGN_STYLE = Automatic;
				CURRENT_PROJECT_VERSION = 1;
				DEVELOPMENT_TEAM = 43275F8MNR;
				GENERATE_INFOPLIST_FILE = YES;
				MARKETING_VERSION = 1.0;
				PRODUCT_BUNDLE_IDENTIFIER = dev.enro.EnroTestApplicationUITests;
				PRODUCT_NAME = "$(TARGET_NAME)";
				SWIFT_EMIT_LOC_STRINGS = NO;
				SWIFT_VERSION = 5.0;
				TARGETED_DEVICE_FAMILY = "1,2";
				TEST_TARGET_NAME = EnroTestApplication;
			};
			name = Debug;
		};
		425EE4822DB9C7D50009282E /* Release */ = {
			isa = XCBuildConfiguration;
			buildSettings = {
				ALWAYS_EMBED_SWIFT_STANDARD_LIBRARIES = YES;
				CODE_SIGN_STYLE = Automatic;
				CURRENT_PROJECT_VERSION = 1;
				DEVELOPMENT_TEAM = 43275F8MNR;
				GENERATE_INFOPLIST_FILE = YES;
				MARKETING_VERSION = 1.0;
				PRODUCT_BUNDLE_IDENTIFIER = dev.enro.EnroTestApplicationUITests;
				PRODUCT_NAME = "$(TARGET_NAME)";
				SWIFT_EMIT_LOC_STRINGS = NO;
				SWIFT_VERSION = 5.0;
				TARGETED_DEVICE_FAMILY = "1,2";
				TEST_TARGET_NAME = EnroTestApplication;
			};
			name = Release;
		};
/* End XCBuildConfiguration section */

/* Begin XCConfigurationList section */
		425EE4512DB9C7D40009282E /* Build configuration list for PBXProject "EnroTestApplication" */ = {
			isa = XCConfigurationList;
			buildConfigurations = (
				425EE4782DB9C7D50009282E /* Debug */,
				425EE4792DB9C7D50009282E /* Release */,
			);
			defaultConfigurationIsVisible = 0;
			defaultConfigurationName = Release;
		};
		425EE47A2DB9C7D50009282E /* Build configuration list for PBXNativeTarget "EnroTestApplication" */ = {
			isa = XCConfigurationList;
			buildConfigurations = (
				425EE47B2DB9C7D50009282E /* Debug */,
				425EE47C2DB9C7D50009282E /* Release */,
			);
			defaultConfigurationIsVisible = 0;
			defaultConfigurationName = Release;
		};
		425EE47D2DB9C7D50009282E /* Build configuration list for PBXNativeTarget "EnroTestApplicationTests" */ = {
			isa = XCConfigurationList;
			buildConfigurations = (
				425EE47E2DB9C7D50009282E /* Debug */,
				425EE47F2DB9C7D50009282E /* Release */,
			);
			defaultConfigurationIsVisible = 0;
			defaultConfigurationName = Release;
		};
		425EE4802DB9C7D50009282E /* Build configuration list for PBXNativeTarget "EnroTestApplicationUITests" */ = {
			isa = XCConfigurationList;
			buildConfigurations = (
				425EE4812DB9C7D50009282E /* Debug */,
				425EE4822DB9C7D50009282E /* Release */,
			);
			defaultConfigurationIsVisible = 0;
			defaultConfigurationName = Release;
		};
/* End XCConfigurationList section */
	};
	rootObject = 425EE44E2DB9C7D40009282E /* Project object */;
}
